// !$*UTF8*$!
{
	archiveVersion = 1;
	classes = {
	};
	objectVersion = 55;
	objects = {

/* Begin PBXBuildFile section */
		67F2BF2427E16B6800E7BA1D /* Tests_iOS.swift in Sources */ = {isa = PBXBuildFile; fileRef = 67F2BF2327E16B6800E7BA1D /* Tests_iOS.swift */; };
		67F2BF2627E16B6800E7BA1D /* Tests_iOSLaunchTests.swift in Sources */ = {isa = PBXBuildFile; fileRef = 67F2BF2527E16B6800E7BA1D /* Tests_iOSLaunchTests.swift */; };
		67F2BF3027E16B6800E7BA1D /* Tests_macOS.swift in Sources */ = {isa = PBXBuildFile; fileRef = 67F2BF2F27E16B6800E7BA1D /* Tests_macOS.swift */; };
		67F2BF3227E16B6800E7BA1D /* Tests_macOSLaunchTests.swift in Sources */ = {isa = PBXBuildFile; fileRef = 67F2BF3127E16B6800E7BA1D /* Tests_macOSLaunchTests.swift */; };
		67F2BF3327E16B6800E7BA1D /* RaspStatApp.swift in Sources */ = {isa = PBXBuildFile; fileRef = 67F2BF0B27E16B6500E7BA1D /* RaspStatApp.swift */; };
		67F2BF3427E16B6800E7BA1D /* RaspStatApp.swift in Sources */ = {isa = PBXBuildFile; fileRef = 67F2BF0B27E16B6500E7BA1D /* RaspStatApp.swift */; };
		67F2BF3527E16B6800E7BA1D /* ContentView.swift in Sources */ = {isa = PBXBuildFile; fileRef = 67F2BF0C27E16B6500E7BA1D /* ContentView.swift */; };
		67F2BF3627E16B6800E7BA1D /* ContentView.swift in Sources */ = {isa = PBXBuildFile; fileRef = 67F2BF0C27E16B6500E7BA1D /* ContentView.swift */; };
		67F2BF3727E16B6800E7BA1D /* Assets.xcassets in Resources */ = {isa = PBXBuildFile; fileRef = 67F2BF0D27E16B6700E7BA1D /* Assets.xcassets */; };
		67F2BF3827E16B6800E7BA1D /* Assets.xcassets in Resources */ = {isa = PBXBuildFile; fileRef = 67F2BF0D27E16B6700E7BA1D /* Assets.xcassets */; };
/* End PBXBuildFile section */

/* Begin PBXContainerItemProxy section */
		67F2BF2027E16B6800E7BA1D /* PBXContainerItemProxy */ = {
			isa = PBXContainerItemProxy;
			containerPortal = 67F2BF0627E16B6500E7BA1D /* Project object */;
			proxyType = 1;
			remoteGlobalIDString = 67F2BF1127E16B6700E7BA1D;
			remoteInfo = "RaspStat (iOS)";
		};
		67F2BF2C27E16B6800E7BA1D /* PBXContainerItemProxy */ = {
			isa = PBXContainerItemProxy;
			containerPortal = 67F2BF0627E16B6500E7BA1D /* Project object */;
			proxyType = 1;
			remoteGlobalIDString = 67F2BF1727E16B6700E7BA1D;
			remoteInfo = "RaspStat (macOS)";
		};
/* End PBXContainerItemProxy section */

/* Begin PBXFileReference section */
		67F2BF0B27E16B6500E7BA1D /* RaspStatApp.swift */ = {isa = PBXFileReference; lastKnownFileType = sourcecode.swift; path = RaspStatApp.swift; sourceTree = "<group>"; };
		67F2BF0C27E16B6500E7BA1D /* ContentView.swift */ = {isa = PBXFileReference; lastKnownFileType = sourcecode.swift; path = ContentView.swift; sourceTree = "<group>"; };
		67F2BF0D27E16B6700E7BA1D /* Assets.xcassets */ = {isa = PBXFileReference; lastKnownFileType = folder.assetcatalog; path = Assets.xcassets; sourceTree = "<group>"; };
		67F2BF1227E16B6700E7BA1D /* RaspStat.app */ = {isa = PBXFileReference; explicitFileType = wrapper.application; includeInIndex = 0; path = RaspStat.app; sourceTree = BUILT_PRODUCTS_DIR; };
		67F2BF1827E16B6700E7BA1D /* RaspStat.app */ = {isa = PBXFileReference; explicitFileType = wrapper.application; includeInIndex = 0; path = RaspStat.app; sourceTree = BUILT_PRODUCTS_DIR; };
		67F2BF1A27E16B6700E7BA1D /* macOS.entitlements */ = {isa = PBXFileReference; lastKnownFileType = text.plist.entitlements; path = macOS.entitlements; sourceTree = "<group>"; };
		67F2BF1F27E16B6800E7BA1D /* Tests iOS.xctest */ = {isa = PBXFileReference; explicitFileType = wrapper.cfbundle; includeInIndex = 0; path = "Tests iOS.xctest"; sourceTree = BUILT_PRODUCTS_DIR; };
		67F2BF2327E16B6800E7BA1D /* Tests_iOS.swift */ = {isa = PBXFileReference; lastKnownFileType = sourcecode.swift; path = Tests_iOS.swift; sourceTree = "<group>"; };
		67F2BF2527E16B6800E7BA1D /* Tests_iOSLaunchTests.swift */ = {isa = PBXFileReference; lastKnownFileType = sourcecode.swift; path = Tests_iOSLaunchTests.swift; sourceTree = "<group>"; };
		67F2BF2B27E16B6800E7BA1D /* Tests macOS.xctest */ = {isa = PBXFileReference; explicitFileType = wrapper.cfbundle; includeInIndex = 0; path = "Tests macOS.xctest"; sourceTree = BUILT_PRODUCTS_DIR; };
		67F2BF2F27E16B6800E7BA1D /* Tests_macOS.swift */ = {isa = PBXFileReference; lastKnownFileType = sourcecode.swift; path = Tests_macOS.swift; sourceTree = "<group>"; };
		67F2BF3127E16B6800E7BA1D /* Tests_macOSLaunchTests.swift */ = {isa = PBXFileReference; lastKnownFileType = sourcecode.swift; path = Tests_macOSLaunchTests.swift; sourceTree = "<group>"; };
/* End PBXFileReference section */

/* Begin PBXFrameworksBuildPhase section */
		67F2BF0F27E16B6700E7BA1D /* Frameworks */ = {
			isa = PBXFrameworksBuildPhase;
			buildActionMask = 2147483647;
			files = (
			);
			runOnlyForDeploymentPostprocessing = 0;
		};
		67F2BF1527E16B6700E7BA1D /* Frameworks */ = {
			isa = PBXFrameworksBuildPhase;
			buildActionMask = 2147483647;
			files = (
			);
			runOnlyForDeploymentPostprocessing = 0;
		};
		67F2BF1C27E16B6800E7BA1D /* Frameworks */ = {
			isa = PBXFrameworksBuildPhase;
			buildActionMask = 2147483647;
			files = (
			);
			runOnlyForDeploymentPostprocessing = 0;
		};
		67F2BF2827E16B6800E7BA1D /* Frameworks */ = {
			isa = PBXFrameworksBuildPhase;
			buildActionMask = 2147483647;
			files = (
			);
			runOnlyForDeploymentPostprocessing = 0;
		};
/* End PBXFrameworksBuildPhase section */

/* Begin PBXGroup section */
		67F2BF0527E16B6500E7BA1D = {
			isa = PBXGroup;
			children = (
				67F2BF0A27E16B6500E7BA1D /* Shared */,
				67F2BF1927E16B6700E7BA1D /* macOS */,
				67F2BF2227E16B6800E7BA1D /* Tests iOS */,
				67F2BF2E27E16B6800E7BA1D /* Tests macOS */,
				67F2BF1327E16B6700E7BA1D /* Products */,
			);
			sourceTree = "<group>";
		};
		67F2BF0A27E16B6500E7BA1D /* Shared */ = {
			isa = PBXGroup;
			children = (
				67F2BF0B27E16B6500E7BA1D /* RaspStatApp.swift */,
				67F2BF0C27E16B6500E7BA1D /* ContentView.swift */,
				67F2BF0D27E16B6700E7BA1D /* Assets.xcassets */,
			);
			path = Shared;
			sourceTree = "<group>";
		};
		67F2BF1327E16B6700E7BA1D /* Products */ = {
			isa = PBXGroup;
			children = (
				67F2BF1227E16B6700E7BA1D /* RaspStat.app */,
				67F2BF1827E16B6700E7BA1D /* RaspStat.app */,
				67F2BF1F27E16B6800E7BA1D /* Tests iOS.xctest */,
				67F2BF2B27E16B6800E7BA1D /* Tests macOS.xctest */,
			);
			name = Products;
			sourceTree = "<group>";
		};
		67F2BF1927E16B6700E7BA1D /* macOS */ = {
			isa = PBXGroup;
			children = (
				67F2BF1A27E16B6700E7BA1D /* macOS.entitlements */,
			);
			path = macOS;
			sourceTree = "<group>";
		};
		67F2BF2227E16B6800E7BA1D /* Tests iOS */ = {
			isa = PBXGroup;
			children = (
				67F2BF2327E16B6800E7BA1D /* Tests_iOS.swift */,
				67F2BF2527E16B6800E7BA1D /* Tests_iOSLaunchTests.swift */,
			);
			path = "Tests iOS";
			sourceTree = "<group>";
		};
		67F2BF2E27E16B6800E7BA1D /* Tests macOS */ = {
			isa = PBXGroup;
			children = (
				67F2BF2F27E16B6800E7BA1D /* Tests_macOS.swift */,
				67F2BF3127E16B6800E7BA1D /* Tests_macOSLaunchTests.swift */,
			);
			path = "Tests macOS";
			sourceTree = "<group>";
		};
/* End PBXGroup section */

/* Begin PBXNativeTarget section */
		67F2BF1127E16B6700E7BA1D /* RaspStat (iOS) */ = {
			isa = PBXNativeTarget;
			buildConfigurationList = 67F2BF3B27E16B6800E7BA1D /* Build configuration list for PBXNativeTarget "RaspStat (iOS)" */;
			buildPhases = (
				67F2BF0E27E16B6700E7BA1D /* Sources */,
				67F2BF0F27E16B6700E7BA1D /* Frameworks */,
				67F2BF1027E16B6700E7BA1D /* Resources */,
			);
			buildRules = (
			);
			dependencies = (
			);
			name = "RaspStat (iOS)";
			productName = "RaspStat (iOS)";
			productReference = 67F2BF1227E16B6700E7BA1D /* RaspStat.app */;
			productType = "com.apple.product-type.application";
		};
		67F2BF1727E16B6700E7BA1D /* RaspStat (macOS) */ = {
			isa = PBXNativeTarget;
			buildConfigurationList = 67F2BF3E27E16B6800E7BA1D /* Build configuration list for PBXNativeTarget "RaspStat (macOS)" */;
			buildPhases = (
				67F2BF1427E16B6700E7BA1D /* Sources */,
				67F2BF1527E16B6700E7BA1D /* Frameworks */,
				67F2BF1627E16B6700E7BA1D /* Resources */,
			);
			buildRules = (
			);
			dependencies = (
			);
			name = "RaspStat (macOS)";
			productName = "RaspStat (macOS)";
			productReference = 67F2BF1827E16B6700E7BA1D /* RaspStat.app */;
			productType = "com.apple.product-type.application";
		};
		67F2BF1E27E16B6800E7BA1D /* Tests iOS */ = {
			isa = PBXNativeTarget;
			buildConfigurationList = 67F2BF4127E16B6800E7BA1D /* Build configuration list for PBXNativeTarget "Tests iOS" */;
			buildPhases = (
				67F2BF1B27E16B6800E7BA1D /* Sources */,
				67F2BF1C27E16B6800E7BA1D /* Frameworks */,
				67F2BF1D27E16B6800E7BA1D /* Resources */,
			);
			buildRules = (
			);
			dependencies = (
				67F2BF2127E16B6800E7BA1D /* PBXTargetDependency */,
			);
			name = "Tests iOS";
			productName = "Tests iOS";
			productReference = 67F2BF1F27E16B6800E7BA1D /* Tests iOS.xctest */;
			productType = "com.apple.product-type.bundle.ui-testing";
		};
		67F2BF2A27E16B6800E7BA1D /* Tests macOS */ = {
			isa = PBXNativeTarget;
			buildConfigurationList = 67F2BF4427E16B6800E7BA1D /* Build configuration list for PBXNativeTarget "Tests macOS" */;
			buildPhases = (
				67F2BF2727E16B6800E7BA1D /* Sources */,
				67F2BF2827E16B6800E7BA1D /* Frameworks */,
				67F2BF2927E16B6800E7BA1D /* Resources */,
			);
			buildRules = (
			);
			dependencies = (
				67F2BF2D27E16B6800E7BA1D /* PBXTargetDependency */,
			);
			name = "Tests macOS";
			productName = "Tests macOS";
			productReference = 67F2BF2B27E16B6800E7BA1D /* Tests macOS.xctest */;
			productType = "com.apple.product-type.bundle.ui-testing";
		};
/* End PBXNativeTarget section */

/* Begin PBXProject section */
		67F2BF0627E16B6500E7BA1D /* Project object */ = {
			isa = PBXProject;
			attributes = {
				BuildIndependentTargetsInParallel = 1;
				LastSwiftUpdateCheck = 1300;
				LastUpgradeCheck = 1300;
				TargetAttributes = {
					67F2BF1127E16B6700E7BA1D = {
						CreatedOnToolsVersion = 13.0;
					};
					67F2BF1727E16B6700E7BA1D = {
						CreatedOnToolsVersion = 13.0;
					};
					67F2BF1E27E16B6800E7BA1D = {
						CreatedOnToolsVersion = 13.0;
						TestTargetID = 67F2BF1127E16B6700E7BA1D;
					};
					67F2BF2A27E16B6800E7BA1D = {
						CreatedOnToolsVersion = 13.0;
						TestTargetID = 67F2BF1727E16B6700E7BA1D;
					};
				};
			};
			buildConfigurationList = 67F2BF0927E16B6500E7BA1D /* Build configuration list for PBXProject "RaspStat" */;
			compatibilityVersion = "Xcode 13.0";
			developmentRegion = en;
			hasScannedForEncodings = 0;
			knownRegions = (
				en,
				Base,
			);
			mainGroup = 67F2BF0527E16B6500E7BA1D;
			productRefGroup = 67F2BF1327E16B6700E7BA1D /* Products */;
			projectDirPath = "";
			projectRoot = "";
			targets = (
				67F2BF1127E16B6700E7BA1D /* RaspStat (iOS) */,
				67F2BF1727E16B6700E7BA1D /* RaspStat (macOS) */,
				67F2BF1E27E16B6800E7BA1D /* Tests iOS */,
				67F2BF2A27E16B6800E7BA1D /* Tests macOS */,
			);
		};
/* End PBXProject section */

/* Begin PBXResourcesBuildPhase section */
		67F2BF1027E16B6700E7BA1D /* Resources */ = {
			isa = PBXResourcesBuildPhase;
			buildActionMask = 2147483647;
			files = (
				67F2BF3727E16B6800E7BA1D /* Assets.xcassets in Resources */,
			);
			runOnlyForDeploymentPostprocessing = 0;
		};
		67F2BF1627E16B6700E7BA1D /* Resources */ = {
			isa = PBXResourcesBuildPhase;
			buildActionMask = 2147483647;
			files = (
				67F2BF3827E16B6800E7BA1D /* Assets.xcassets in Resources */,
			);
			runOnlyForDeploymentPostprocessing = 0;
		};
		67F2BF1D27E16B6800E7BA1D /* Resources */ = {
			isa = PBXResourcesBuildPhase;
			buildActionMask = 2147483647;
			files = (
			);
			runOnlyForDeploymentPostprocessing = 0;
		};
		67F2BF2927E16B6800E7BA1D /* Resources */ = {
			isa = PBXResourcesBuildPhase;
			buildActionMask = 2147483647;
			files = (
			);
			runOnlyForDeploymentPostprocessing = 0;
		};
/* End PBXResourcesBuildPhase section */

/* Begin PBXSourcesBuildPhase section */
		67F2BF0E27E16B6700E7BA1D /* Sources */ = {
			isa = PBXSourcesBuildPhase;
			buildActionMask = 2147483647;
			files = (
				67F2BF3527E16B6800E7BA1D /* ContentView.swift in Sources */,
				67F2BF3327E16B6800E7BA1D /* RaspStatApp.swift in Sources */,
			);
			runOnlyForDeploymentPostprocessing = 0;
		};
		67F2BF1427E16B6700E7BA1D /* Sources */ = {
			isa = PBXSourcesBuildPhase;
			buildActionMask = 2147483647;
			files = (
				67F2BF3627E16B6800E7BA1D /* ContentView.swift in Sources */,
				67F2BF3427E16B6800E7BA1D /* RaspStatApp.swift in Sources */,
			);
			runOnlyForDeploymentPostprocessing = 0;
		};
		67F2BF1B27E16B6800E7BA1D /* Sources */ = {
			isa = PBXSourcesBuildPhase;
			buildActionMask = 2147483647;
			files = (
				67F2BF2627E16B6800E7BA1D /* Tests_iOSLaunchTests.swift in Sources */,
				67F2BF2427E16B6800E7BA1D /* Tests_iOS.swift in Sources */,
			);
			runOnlyForDeploymentPostprocessing = 0;
		};
		67F2BF2727E16B6800E7BA1D /* Sources */ = {
			isa = PBXSourcesBuildPhase;
			buildActionMask = 2147483647;
			files = (
				67F2BF3227E16B6800E7BA1D /* Tests_macOSLaunchTests.swift in Sources */,
				67F2BF3027E16B6800E7BA1D /* Tests_macOS.swift in Sources */,
			);
			runOnlyForDeploymentPostprocessing = 0;
		};
/* End PBXSourcesBuildPhase section */

/* Begin PBXTargetDependency section */
		67F2BF2127E16B6800E7BA1D /* PBXTargetDependency */ = {
			isa = PBXTargetDependency;
			target = 67F2BF1127E16B6700E7BA1D /* RaspStat (iOS) */;
			targetProxy = 67F2BF2027E16B6800E7BA1D /* PBXContainerItemProxy */;
		};
		67F2BF2D27E16B6800E7BA1D /* PBXTargetDependency */ = {
			isa = PBXTargetDependency;
			target = 67F2BF1727E16B6700E7BA1D /* RaspStat (macOS) */;
			targetProxy = 67F2BF2C27E16B6800E7BA1D /* PBXContainerItemProxy */;
		};
/* End PBXTargetDependency section */

/* Begin XCBuildConfiguration section */
		67F2BF3927E16B6800E7BA1D /* Debug */ = {
			isa = XCBuildConfiguration;
			buildSettings = {
				ALWAYS_SEARCH_USER_PATHS = NO;
				CLANG_ANALYZER_NONNULL = YES;
				CLANG_ANALYZER_NUMBER_OBJECT_CONVERSION = YES_AGGRESSIVE;
				CLANG_CXX_LANGUAGE_STANDARD = "gnu++17";
				CLANG_CXX_LIBRARY = "libc++";
				CLANG_ENABLE_MODULES = YES;
				CLANG_ENABLE_OBJC_ARC = YES;
				CLANG_ENABLE_OBJC_WEAK = YES;
				CLANG_WARN_BLOCK_CAPTURE_AUTORELEASING = YES;
				CLANG_WARN_BOOL_CONVERSION = YES;
				CLANG_WARN_COMMA = YES;
				CLANG_WARN_CONSTANT_CONVERSION = YES;
				CLANG_WARN_DEPRECATED_OBJC_IMPLEMENTATIONS = YES;
				CLANG_WARN_DIRECT_OBJC_ISA_USAGE = YES_ERROR;
				CLANG_WARN_DOCUMENTATION_COMMENTS = YES;
				CLANG_WARN_EMPTY_BODY = YES;
				CLANG_WARN_ENUM_CONVERSION = YES;
				CLANG_WARN_INFINITE_RECURSION = YES;
				CLANG_WARN_INT_CONVERSION = YES;
				CLANG_WARN_NON_LITERAL_NULL_CONVERSION = YES;
				CLANG_WARN_OBJC_IMPLICIT_RETAIN_SELF = YES;
				CLANG_WARN_OBJC_LITERAL_CONVERSION = YES;
				CLANG_WARN_OBJC_ROOT_CLASS = YES_ERROR;
				CLANG_WARN_QUOTED_INCLUDE_IN_FRAMEWORK_HEADER = YES;
				CLANG_WARN_RANGE_LOOP_ANALYSIS = YES;
				CLANG_WARN_STRICT_PROTOTYPES = YES;
				CLANG_WARN_SUSPICIOUS_MOVE = YES;
				CLANG_WARN_UNGUARDED_AVAILABILITY = YES_AGGRESSIVE;
				CLANG_WARN_UNREACHABLE_CODE = YES;
				CLANG_WARN__DUPLICATE_METHOD_MATCH = YES;
				COPY_PHASE_STRIP = NO;
				DEBUG_INFORMATION_FORMAT = dwarf;
				ENABLE_STRICT_OBJC_MSGSEND = YES;
				ENABLE_TESTABILITY = YES;
				GCC_C_LANGUAGE_STANDARD = gnu11;
				GCC_DYNAMIC_NO_PIC = NO;
				GCC_NO_COMMON_BLOCKS = YES;
				GCC_OPTIMIZATION_LEVEL = 0;
				GCC_PREPROCESSOR_DEFINITIONS = (
					"DEBUG=1",
					"$(inherited)",
				);
				GCC_WARN_64_TO_32_BIT_CONVERSION = YES;
				GCC_WARN_ABOUT_RETURN_TYPE = YES_ERROR;
				GCC_WARN_UNDECLARED_SELECTOR = YES;
				GCC_WARN_UNINITIALIZED_AUTOS = YES_AGGRESSIVE;
				GCC_WARN_UNUSED_FUNCTION = YES;
				GCC_WARN_UNUSED_VARIABLE = YES;
				MTL_ENABLE_DEBUG_INFO = INCLUDE_SOURCE;
				MTL_FAST_MATH = YES;
				ONLY_ACTIVE_ARCH = YES;
				SWIFT_ACTIVE_COMPILATION_CONDITIONS = DEBUG;
				SWIFT_OPTIMIZATION_LEVEL = "-Onone";
			};
			name = Debug;
		};
		67F2BF3A27E16B6800E7BA1D /* Release */ = {
			isa = XCBuildConfiguration;
			buildSettings = {
				ALWAYS_SEARCH_USER_PATHS = NO;
				CLANG_ANALYZER_NONNULL = YES;
				CLANG_ANALYZER_NUMBER_OBJECT_CONVERSION = YES_AGGRESSIVE;
				CLANG_CXX_LANGUAGE_STANDARD = "gnu++17";
				CLANG_CXX_LIBRARY = "libc++";
				CLANG_ENABLE_MODULES = YES;
				CLANG_ENABLE_OBJC_ARC = YES;
				CLANG_ENABLE_OBJC_WEAK = YES;
				CLANG_WARN_BLOCK_CAPTURE_AUTORELEASING = YES;
				CLANG_WARN_BOOL_CONVERSION = YES;
				CLANG_WARN_COMMA = YES;
				CLANG_WARN_CONSTANT_CONVERSION = YES;
				CLANG_WARN_DEPRECATED_OBJC_IMPLEMENTATIONS = YES;
				CLANG_WARN_DIRECT_OBJC_ISA_USAGE = YES_ERROR;
				CLANG_WARN_DOCUMENTATION_COMMENTS = YES;
				CLANG_WARN_EMPTY_BODY = YES;
				CLANG_WARN_ENUM_CONVERSION = YES;
				CLANG_WARN_INFINITE_RECURSION = YES;
				CLANG_WARN_INT_CONVERSION = YES;
				CLANG_WARN_NON_LITERAL_NULL_CONVERSION = YES;
				CLANG_WARN_OBJC_IMPLICIT_RETAIN_SELF = YES;
				CLANG_WARN_OBJC_LITERAL_CONVERSION = YES;
				CLANG_WARN_OBJC_ROOT_CLASS = YES_ERROR;
				CLANG_WARN_QUOTED_INCLUDE_IN_FRAMEWORK_HEADER = YES;
				CLANG_WARN_RANGE_LOOP_ANALYSIS = YES;
				CLANG_WARN_STRICT_PROTOTYPES = YES;
				CLANG_WARN_SUSPICIOUS_MOVE = YES;
				CLANG_WARN_UNGUARDED_AVAILABILITY = YES_AGGRESSIVE;
				CLANG_WARN_UNREACHABLE_CODE = YES;
				CLANG_WARN__DUPLICATE_METHOD_MATCH = YES;
				COPY_PHASE_STRIP = NO;
				DEBUG_INFORMATION_FORMAT = "dwarf-with-dsym";
				ENABLE_NS_ASSERTIONS = NO;
				ENABLE_STRICT_OBJC_MSGSEND = YES;
				GCC_C_LANGUAGE_STANDARD = gnu11;
				GCC_NO_COMMON_BLOCKS = YES;
				GCC_WARN_64_TO_32_BIT_CONVERSION = YES;
				GCC_WARN_ABOUT_RETURN_TYPE = YES_ERROR;
				GCC_WARN_UNDECLARED_SELECTOR = YES;
				GCC_WARN_UNINITIALIZED_AUTOS = YES_AGGRESSIVE;
				GCC_WARN_UNUSED_FUNCTION = YES;
				GCC_WARN_UNUSED_VARIABLE = YES;
				MTL_ENABLE_DEBUG_INFO = NO;
				MTL_FAST_MATH = YES;
				SWIFT_COMPILATION_MODE = wholemodule;
				SWIFT_OPTIMIZATION_LEVEL = "-O";
			};
			name = Release;
		};
		67F2BF3C27E16B6800E7BA1D /* Debug */ = {
			isa = XCBuildConfiguration;
			buildSettings = {
				ASSETCATALOG_COMPILER_APPICON_NAME = AppIcon;
				ASSETCATALOG_COMPILER_GLOBAL_ACCENT_COLOR_NAME = AccentColor;
				CODE_SIGN_STYLE = Automatic;
				CURRENT_PROJECT_VERSION = 1;
				ENABLE_PREVIEWS = YES;
				GENERATE_INFOPLIST_FILE = YES;
				INFOPLIST_KEY_UIApplicationSceneManifest_Generation = YES;
				INFOPLIST_KEY_UIApplicationSupportsIndirectInputEvents = YES;
				INFOPLIST_KEY_UILaunchScreen_Generation = YES;
				INFOPLIST_KEY_UISupportedInterfaceOrientations_iPad = "UIInterfaceOrientationPortrait UIInterfaceOrientationPortraitUpsideDown UIInterfaceOrientationLandscapeLeft UIInterfaceOrientationLandscapeRight";
				INFOPLIST_KEY_UISupportedInterfaceOrientations_iPhone = "UIInterfaceOrientationPortrait UIInterfaceOrientationLandscapeLeft UIInterfaceOrientationLandscapeRight";
				IPHONEOS_DEPLOYMENT_TARGET = 14.0;
				LD_RUNPATH_SEARCH_PATHS = (
					"$(inherited)",
					"@executable_path/Frameworks",
				);
				MARKETING_VERSION = 1.0;
				PRODUCT_BUNDLE_IDENTIFIER = com.hshersy.RaspStat;
				PRODUCT_NAME = RaspStat;
				SDKROOT = iphoneos;
				SWIFT_EMIT_LOC_STRINGS = YES;
				SWIFT_VERSION = 5.0;
				TARGETED_DEVICE_FAMILY = "1,2";
			};
			name = Debug;
		};
		67F2BF3D27E16B6800E7BA1D /* Release */ = {
			isa = XCBuildConfiguration;
			buildSettings = {
				ASSETCATALOG_COMPILER_APPICON_NAME = AppIcon;
				ASSETCATALOG_COMPILER_GLOBAL_ACCENT_COLOR_NAME = AccentColor;
				CODE_SIGN_STYLE = Automatic;
				CURRENT_PROJECT_VERSION = 1;
				ENABLE_PREVIEWS = YES;
				GENERATE_INFOPLIST_FILE = YES;
				INFOPLIST_KEY_UIApplicationSceneManifest_Generation = YES;
				INFOPLIST_KEY_UIApplicationSupportsIndirectInputEvents = YES;
				INFOPLIST_KEY_UILaunchScreen_Generation = YES;
				INFOPLIST_KEY_UISupportedInterfaceOrientations_iPad = "UIInterfaceOrientationPortrait UIInterfaceOrientationPortraitUpsideDown UIInterfaceOrientationLandscapeLeft UIInterfaceOrientationLandscapeRight";
				INFOPLIST_KEY_UISupportedInterfaceOrientations_iPhone = "UIInterfaceOrientationPortrait UIInterfaceOrientationLandscapeLeft UIInterfaceOrientationLandscapeRight";
				IPHONEOS_DEPLOYMENT_TARGET = 14.0;
				LD_RUNPATH_SEARCH_PATHS = (
					"$(inherited)",
					"@executable_path/Frameworks",
				);
				MARKETING_VERSION = 1.0;
				PRODUCT_BUNDLE_IDENTIFIER = com.hshersy.RaspStat;
				PRODUCT_NAME = RaspStat;
				SDKROOT = iphoneos;
				SWIFT_EMIT_LOC_STRINGS = YES;
				SWIFT_VERSION = 5.0;
				TARGETED_DEVICE_FAMILY = "1,2";
				VALIDATE_PRODUCT = YES;
			};
			name = Release;
		};
		67F2BF3F27E16B6800E7BA1D /* Debug */ = {
			isa = XCBuildConfiguration;
			buildSettings = {
				ASSETCATALOG_COMPILER_APPICON_NAME = AppIcon;
				ASSETCATALOG_COMPILER_GLOBAL_ACCENT_COLOR_NAME = AccentColor;
				CODE_SIGN_ENTITLEMENTS = macOS/macOS.entitlements;
				CODE_SIGN_STYLE = Automatic;
				COMBINE_HIDPI_IMAGES = YES;
				CURRENT_PROJECT_VERSION = 1;
				ENABLE_PREVIEWS = YES;
				GENERATE_INFOPLIST_FILE = YES;
				INFOPLIST_KEY_NSHumanReadableCopyright = "";
				LD_RUNPATH_SEARCH_PATHS = (
					"$(inherited)",
					"@executable_path/../Frameworks",
				);
				MACOSX_DEPLOYMENT_TARGET = 11.0;
				MARKETING_VERSION = 1.0;
				PRODUCT_BUNDLE_IDENTIFIER = com.hshersy.RaspStat;
				PRODUCT_NAME = RaspStat;
				SDKROOT = macosx;
				SWIFT_EMIT_LOC_STRINGS = YES;
				SWIFT_VERSION = 5.0;
			};
			name = Debug;
		};
		67F2BF4027E16B6800E7BA1D /* Release */ = {
			isa = XCBuildConfiguration;
			buildSettings = {
				ASSETCATALOG_COMPILER_APPICON_NAME = AppIcon;
				ASSETCATALOG_COMPILER_GLOBAL_ACCENT_COLOR_NAME = AccentColor;
				CODE_SIGN_ENTITLEMENTS = macOS/macOS.entitlements;
				CODE_SIGN_STYLE = Automatic;
				COMBINE_HIDPI_IMAGES = YES;
				CURRENT_PROJECT_VERSION = 1;
				ENABLE_PREVIEWS = YES;
				GENERATE_INFOPLIST_FILE = YES;
				INFOPLIST_KEY_NSHumanReadableCopyright = "";
				LD_RUNPATH_SEARCH_PATHS = (
					"$(inherited)",
					"@executable_path/../Frameworks",
				);
				MACOSX_DEPLOYMENT_TARGET = 11.0;
				MARKETING_VERSION = 1.0;
				PRODUCT_BUNDLE_IDENTIFIER = com.hshersy.RaspStat;
				PRODUCT_NAME = RaspStat;
				SDKROOT = macosx;
				SWIFT_EMIT_LOC_STRINGS = YES;
				SWIFT_VERSION = 5.0;
			};
			name = Release;
		};
		67F2BF4227E16B6800E7BA1D /* Debug */ = {
			isa = XCBuildConfiguration;
			buildSettings = {
				ALWAYS_EMBED_SWIFT_STANDARD_LIBRARIES = YES;
				CODE_SIGN_STYLE = Automatic;
				CURRENT_PROJECT_VERSION = 1;
				GENERATE_INFOPLIST_FILE = YES;
				IPHONEOS_DEPLOYMENT_TARGET = 15.0;
				LD_RUNPATH_SEARCH_PATHS = (
					"$(inherited)",
					"@executable_path/Frameworks",
					"@loader_path/Frameworks",
				);
				MARKETING_VERSION = 1.0;
				PRODUCT_BUNDLE_IDENTIFIER = "com.hshersy.Tests-iOS";
				PRODUCT_NAME = "$(TARGET_NAME)";
				SDKROOT = iphoneos;
				SWIFT_EMIT_LOC_STRINGS = NO;
				SWIFT_VERSION = 5.0;
				TARGETED_DEVICE_FAMILY = "1,2";
				TEST_TARGET_NAME = "RaspStat (iOS)";
			};
			name = Debug;
		};
		67F2BF4327E16B6800E7BA1D /* Release */ = {
			isa = XCBuildConfiguration;
			buildSettings = {
				ALWAYS_EMBED_SWIFT_STANDARD_LIBRARIES = YES;
				CODE_SIGN_STYLE = Automatic;
				CURRENT_PROJECT_VERSION = 1;
				GENERATE_INFOPLIST_FILE = YES;
				IPHONEOS_DEPLOYMENT_TARGET = 15.0;
				LD_RUNPATH_SEARCH_PATHS = (
					"$(inherited)",
					"@executable_path/Frameworks",
					"@loader_path/Frameworks",
				);
				MARKETING_VERSION = 1.0;
				PRODUCT_BUNDLE_IDENTIFIER = "com.hshersy.Tests-iOS";
				PRODUCT_NAME = "$(TARGET_NAME)";
				SDKROOT = iphoneos;
				SWIFT_EMIT_LOC_STRINGS = NO;
				SWIFT_VERSION = 5.0;
				TARGETED_DEVICE_FAMILY = "1,2";
				TEST_TARGET_NAME = "RaspStat (iOS)";
				VALIDATE_PRODUCT = YES;
			};
			name = Release;
		};
		67F2BF4527E16B6800E7BA1D /* Debug */ = {
			isa = XCBuildConfiguration;
			buildSettings = {
				ALWAYS_EMBED_SWIFT_STANDARD_LIBRARIES = YES;
				CODE_SIGN_STYLE = Automatic;
				COMBINE_HIDPI_IMAGES = YES;
				CURRENT_PROJECT_VERSION = 1;
				GENERATE_INFOPLIST_FILE = YES;
				LD_RUNPATH_SEARCH_PATHS = (
					"$(inherited)",
					"@executable_path/../Frameworks",
					"@loader_path/../Frameworks",
				);
				MACOSX_DEPLOYMENT_TARGET = 11.3;
				MARKETING_VERSION = 1.0;
				PRODUCT_BUNDLE_IDENTIFIER = "com.hshersy.Tests-macOS";
				PRODUCT_NAME = "$(TARGET_NAME)";
				SDKROOT = macosx;
				SWIFT_EMIT_LOC_STRINGS = NO;
				SWIFT_VERSION = 5.0;
				TEST_TARGET_NAME = "RaspStat (macOS)";
			};
			name = Debug;
		};
		67F2BF4627E16B6800E7BA1D /* Release */ = {
			isa = XCBuildConfiguration;
			buildSettings = {
				ALWAYS_EMBED_SWIFT_STANDARD_LIBRARIES = YES;
				CODE_SIGN_STYLE = Automatic;
				COMBINE_HIDPI_IMAGES = YES;
				CURRENT_PROJECT_VERSION = 1;
				GENERATE_INFOPLIST_FILE = YES;
				LD_RUNPATH_SEARCH_PATHS = (
					"$(inherited)",
					"@executable_path/../Frameworks",
					"@loader_path/../Frameworks",
				);
				MACOSX_DEPLOYMENT_TARGET = 11.3;
				MARKETING_VERSION = 1.0;
				PRODUCT_BUNDLE_IDENTIFIER = "com.hshersy.Tests-macOS";
				PRODUCT_NAME = "$(TARGET_NAME)";
				SDKROOT = macosx;
				SWIFT_EMIT_LOC_STRINGS = NO;
				SWIFT_VERSION = 5.0;
				TEST_TARGET_NAME = "RaspStat (macOS)";
			};
			name = Release;
		};
/* End XCBuildConfiguration section */

/* Begin XCConfigurationList section */
		67F2BF0927E16B6500E7BA1D /* Build configuration list for PBXProject "RaspStat" */ = {
			isa = XCConfigurationList;
			buildConfigurations = (
				67F2BF3927E16B6800E7BA1D /* Debug */,
				67F2BF3A27E16B6800E7BA1D /* Release */,
			);
			defaultConfigurationIsVisible = 0;
			defaultConfigurationName = Release;
		};
		67F2BF3B27E16B6800E7BA1D /* Build configuration list for PBXNativeTarget "RaspStat (iOS)" */ = {
			isa = XCConfigurationList;
			buildConfigurations = (
				67F2BF3C27E16B6800E7BA1D /* Debug */,
				67F2BF3D27E16B6800E7BA1D /* Release */,
			);
			defaultConfigurationIsVisible = 0;
			defaultConfigurationName = Release;
		};
		67F2BF3E27E16B6800E7BA1D /* Build configuration list for PBXNativeTarget "RaspStat (macOS)" */ = {
			isa = XCConfigurationList;
			buildConfigurations = (
				67F2BF3F27E16B6800E7BA1D /* Debug */,
				67F2BF4027E16B6800E7BA1D /* Release */,
			);
			defaultConfigurationIsVisible = 0;
			defaultConfigurationName = Release;
		};
		67F2BF4127E16B6800E7BA1D /* Build configuration list for PBXNativeTarget "Tests iOS" */ = {
			isa = XCConfigurationList;
			buildConfigurations = (
				67F2BF4227E16B6800E7BA1D /* Debug */,
				67F2BF4327E16B6800E7BA1D /* Release */,
			);
			defaultConfigurationIsVisible = 0;
			defaultConfigurationName = Release;
		};
		67F2BF4427E16B6800E7BA1D /* Build configuration list for PBXNativeTarget "Tests macOS" */ = {
			isa = XCConfigurationList;
			buildConfigurations = (
				67F2BF4527E16B6800E7BA1D /* Debug */,
				67F2BF4627E16B6800E7BA1D /* Release */,
			);
			defaultConfigurationIsVisible = 0;
			defaultConfigurationName = Release;
		};
/* End XCConfigurationList section */
	};
	rootObject = 67F2BF0627E16B6500E7BA1D /* Project object */;
}
